
Microsoft Visual Studio Solution File, Format Version 12.00
# Visual Studio Version 17
VisualStudioVersion = 17.5.002.0
MinimumVisualStudioVersion = 10.0.40219.1
Project("{9A19103F-16F7-4668-BE54-9A1E7A4F7556}") = "OrdenaFotos", "OrdenaFotos.csproj", "{C886D5C7-F3A5-450F-A665-50A8D6167BEB}"
EndProject
Global
	GlobalSection(SolutionConfigurationPlatforms) = preSolution
		Debug|Any CPU = Debug|Any CPU
		Release|Any CPU = Release|Any CPU
	EndGlobalSection
	GlobalSection(ProjectConfigurationPlatforms) = postSolution
		{C886D5C7-F3A5-450F-A665-50A8D6167BEB}.Debug|Any CPU.ActiveCfg = Debug|Any CPU
		{C886D5C7-F3A5-450F-A665-50A8D6167BEB}.Debug|Any CPU.Build.0 = Debug|Any CPU
		{C886D5C7-F3A5-450F-A665-50A8D6167BEB}.Release|Any CPU.ActiveCfg = Release|Any CPU
		{C886D5C7-F3A5-450F-A665-50A8D6167BEB}.Release|Any CPU.Build.0 = Release|Any CPU
	EndGlobalSection
	GlobalSection(SolutionProperties) = preSolution
		HideSolutionNode = FALSE
	EndGlobalSection
	GlobalSection(ExtensibilityGlobals) = postSolution
		SolutionGuid = {90BCB584-B26E-473C-8190-E73CF716FC31}
	EndGlobalSection
EndGlobal
